
Microsoft Visual Studio Solution File, Format Version 12.00
# Visual Studio Version 16
VisualStudioVersion = 16.0.30011.22
MinimumVisualStudioVersion = 10.0.40219.1
Project("{E24C65DC-7377-472B-9ABA-BC803B73C61A}") = "iComSitio(1)", "iComSitio\", "{0B70A902-B869-4CDF-87A1-AA8F9C766E60}"
	ProjectSection(WebsiteProperties) = preProject
		TargetFrameworkMoniker = ".NETFramework,Version%3Dv4.5"
		ProjectReferences = ""
		Debug.AspNetCompiler.VirtualPath = "/localhost_62080"
		Debug.AspNetCompiler.PhysicalPath = "iComSitio\"
		Debug.AspNetCompiler.TargetPath = "PrecompiledWeb\localhost_62080\"
		Debug.AspNetCompiler.Updateable = "true"
		Debug.AspNetCompiler.ForceOverwrite = "true"
		Debug.AspNetCompiler.FixedNames = "false"
		Debug.AspNetCompiler.Debug = "True"
		Release.AspNetCompiler.VirtualPath = "/localhost_62080"
		Release.AspNetCompiler.PhysicalPath = "iComSitio\"
		Release.AspNetCompiler.TargetPath = "PrecompiledWeb\localhost_62080\"
		Release.AspNetCompiler.Updateable = "true"
		Release.AspNetCompiler.ForceOverwrite = "true"
		Release.AspNetCompiler.FixedNames = "false"
		Release.AspNetCompiler.Debug = "False"
		VWDPort = "62080"
		SlnRelativePath = "iComSitio\"
	EndProjectSection
EndProject
Global
	GlobalSection(SolutionConfigurationPlatforms) = preSolution
		Debug|Any CPU = Debug|Any CPU
		Release|Any CPU = Release|Any CPU
	EndGlobalSection
	GlobalSection(ProjectConfigurationPlatforms) = postSolution
		{0B70A902-B869-4CDF-87A1-AA8F9C766E60}.Debug|Any CPU.ActiveCfg = Debug|Any CPU
		{0B70A902-B869-4CDF-87A1-AA8F9C766E60}.Debug|Any CPU.Build.0 = Debug|Any CPU
		{0B70A902-B869-4CDF-87A1-AA8F9C766E60}.Release|Any CPU.ActiveCfg = Debug|Any CPU
		{0B70A902-B869-4CDF-87A1-AA8F9C766E60}.Release|Any CPU.Build.0 = Debug|Any CPU
	EndGlobalSection
	GlobalSection(SolutionProperties) = preSolution
		HideSolutionNode = FALSE
	EndGlobalSection
	GlobalSection(ExtensibilityGlobals) = postSolution
		SolutionGuid = {AD5979ED-07DA-4998-A0A7-8536D0167E57}
	EndGlobalSection
EndGlobal
